// !$*UTF8*$!
{
	archiveVersion = 1;
	classes = {
	};
	objectVersion = 50;
	objects = {

/* Begin PBXBuildFile section */
		B486C2BC20B0DBF4006A7B18 /* AppDelegate.swift in Sources */ = {isa = PBXBuildFile; fileRef = B486C2BB20B0DBF4006A7B18 /* AppDelegate.swift */; };
		B486C2BE20B0DBF4006A7B18 /* ViewController.swift in Sources */ = {isa = PBXBuildFile; fileRef = B486C2BD20B0DBF4006A7B18 /* ViewController.swift */; };
		B486C2C120B0DBF4006A7B18 /* Main.storyboard in Resources */ = {isa = PBXBuildFile; fileRef = B486C2BF20B0DBF4006A7B18 /* Main.storyboard */; };
		B486C2C320B0DBF5006A7B18 /* Assets.xcassets in Resources */ = {isa = PBXBuildFile; fileRef = B486C2C220B0DBF5006A7B18 /* Assets.xcassets */; };
		B486C2C620B0DBF5006A7B18 /* LaunchScreen.storyboard in Resources */ = {isa = PBXBuildFile; fileRef = B486C2C420B0DBF5006A7B18 /* LaunchScreen.storyboard */; };
		B486C2D120B0DBF5006A7B18 /* GitTutorialTests.swift in Sources */ = {isa = PBXBuildFile; fileRef = B486C2D020B0DBF5006A7B18 /* GitTutorialTests.swift */; };
		B486C2DC20B0DBF5006A7B18 /* GitTutorialUITests.swift in Sources */ = {isa = PBXBuildFile; fileRef = B486C2DB20B0DBF5006A7B18 /* GitTutorialUITests.swift */; };
/* End PBXBuildFile section */

/* Begin PBXContainerItemProxy section */
		B486C2CD20B0DBF5006A7B18 /* PBXContainerItemProxy */ = {
			isa = PBXContainerItemProxy;
			containerPortal = B486C2B020B0DBF4006A7B18 /* Project object */;
			proxyType = 1;
			remoteGlobalIDString = B486C2B720B0DBF4006A7B18;
			remoteInfo = GitTutorial;
		};
		B486C2D820B0DBF5006A7B18 /* PBXContainerItemProxy */ = {
			isa = PBXContainerItemProxy;
			containerPortal = B486C2B020B0DBF4006A7B18 /* Project object */;
			proxyType = 1;
			remoteGlobalIDString = B486C2B720B0DBF4006A7B18;
			remoteInfo = GitTutorial;
		};
/* End PBXContainerItemProxy section */

/* Begin PBXFileReference section */
		B486C2B820B0DBF4006A7B18 /* GitTutorial.app */ = {isa = PBXFileReference; explicitFileType = wrapper.application; includeInIndex = 0; path = GitTutorial.app; sourceTree = BUILT_PRODUCTS_DIR; };
		B486C2BB20B0DBF4006A7B18 /* AppDelegate.swift */ = {isa = PBXFileReference; lastKnownFileType = sourcecode.swift; path = AppDelegate.swift; sourceTree = "<group>"; };
		B486C2BD20B0DBF4006A7B18 /* ViewController.swift */ = {isa = PBXFileReference; lastKnownFileType = sourcecode.swift; path = ViewController.swift; sourceTree = "<group>"; };
		B486C2C020B0DBF4006A7B18 /* Base */ = {isa = PBXFileReference; lastKnownFileType = file.storyboard; name = Base; path = Base.lproj/Main.storyboard; sourceTree = "<group>"; };
		B486C2C220B0DBF5006A7B18 /* Assets.xcassets */ = {isa = PBXFileReference; lastKnownFileType = folder.assetcatalog; path = Assets.xcassets; sourceTree = "<group>"; };
		B486C2C520B0DBF5006A7B18 /* Base */ = {isa = PBXFileReference; lastKnownFileType = file.storyboard; name = Base; path = Base.lproj/LaunchScreen.storyboard; sourceTree = "<group>"; };
		B486C2C720B0DBF5006A7B18 /* Info.plist */ = {isa = PBXFileReference; lastKnownFileType = text.plist.xml; path = Info.plist; sourceTree = "<group>"; };
		B486C2CC20B0DBF5006A7B18 /* GitTutorialTests.xctest */ = {isa = PBXFileReference; explicitFileType = wrapper.cfbundle; includeInIndex = 0; path = GitTutorialTests.xctest; sourceTree = BUILT_PRODUCTS_DIR; };
		B486C2D020B0DBF5006A7B18 /* GitTutorialTests.swift */ = {isa = PBXFileReference; lastKnownFileType = sourcecode.swift; path = GitTutorialTests.swift; sourceTree = "<group>"; };
		B486C2D220B0DBF5006A7B18 /* Info.plist */ = {isa = PBXFileReference; lastKnownFileType = text.plist.xml; path = Info.plist; sourceTree = "<group>"; };
		B486C2D720B0DBF5006A7B18 /* GitTutorialUITests.xctest */ = {isa = PBXFileReference; explicitFileType = wrapper.cfbundle; includeInIndex = 0; path = GitTutorialUITests.xctest; sourceTree = BUILT_PRODUCTS_DIR; };
		B486C2DB20B0DBF5006A7B18 /* GitTutorialUITests.swift */ = {isa = PBXFileReference; lastKnownFileType = sourcecode.swift; path = GitTutorialUITests.swift; sourceTree = "<group>"; };
		B486C2DD20B0DBF5006A7B18 /* Info.plist */ = {isa = PBXFileReference; lastKnownFileType = text.plist.xml; path = Info.plist; sourceTree = "<group>"; };
/* End PBXFileReference section */

/* Begin PBXFrameworksBuildPhase section */
		B486C2B520B0DBF4006A7B18 /* Frameworks */ = {
			isa = PBXFrameworksBuildPhase;
			buildActionMask = 2147483647;
			files = (
			);
			runOnlyForDeploymentPostprocessing = 0;
		};
		B486C2C920B0DBF5006A7B18 /* Frameworks */ = {
			isa = PBXFrameworksBuildPhase;
			buildActionMask = 2147483647;
			files = (
			);
			runOnlyForDeploymentPostprocessing = 0;
		};
		B486C2D420B0DBF5006A7B18 /* Frameworks */ = {
			isa = PBXFrameworksBuildPhase;
			buildActionMask = 2147483647;
			files = (
			);
			runOnlyForDeploymentPostprocessing = 0;
		};
/* End PBXFrameworksBuildPhase section */

/* Begin PBXGroup section */
		B486C2AF20B0DBF4006A7B18 = {
			isa = PBXGroup;
			children = (
				B486C2BA20B0DBF4006A7B18 /* GitTutorial */,
				B486C2CF20B0DBF5006A7B18 /* GitTutorialTests */,
				B486C2DA20B0DBF5006A7B18 /* GitTutorialUITests */,
				B486C2B920B0DBF4006A7B18 /* Products */,
			);
			sourceTree = "<group>";
		};
		B486C2B920B0DBF4006A7B18 /* Products */ = {
			isa = PBXGroup;
			children = (
				B486C2B820B0DBF4006A7B18 /* GitTutorial.app */,
				B486C2CC20B0DBF5006A7B18 /* GitTutorialTests.xctest */,
				B486C2D720B0DBF5006A7B18 /* GitTutorialUITests.xctest */,
			);
			name = Products;
			sourceTree = "<group>";
		};
		B486C2BA20B0DBF4006A7B18 /* GitTutorial */ = {
			isa = PBXGroup;
			children = (
				B486C2BB20B0DBF4006A7B18 /* AppDelegate.swift */,
				B486C2BD20B0DBF4006A7B18 /* ViewController.swift */,
				B486C2BF20B0DBF4006A7B18 /* Main.storyboard */,
				B486C2C220B0DBF5006A7B18 /* Assets.xcassets */,
				B486C2C420B0DBF5006A7B18 /* LaunchScreen.storyboard */,
				B486C2C720B0DBF5006A7B18 /* Info.plist */,
			);
			path = GitTutorial;
			sourceTree = "<group>";
		};
		B486C2CF20B0DBF5006A7B18 /* GitTutorialTests */ = {
			isa = PBXGroup;
			children = (
				B486C2D020B0DBF5006A7B18 /* GitTutorialTests.swift */,
				B486C2D220B0DBF5006A7B18 /* Info.plist */,
			);
			path = GitTutorialTests;
			sourceTree = "<group>";
		};
		B486C2DA20B0DBF5006A7B18 /* GitTutorialUITests */ = {
			isa = PBXGroup;
			children = (
				B486C2DB20B0DBF5006A7B18 /* GitTutorialUITests.swift */,
				B486C2DD20B0DBF5006A7B18 /* Info.plist */,
			);
			path = GitTutorialUITests;
			sourceTree = "<group>";
		};
/* End PBXGroup section */

/* Begin PBXNativeTarget section */
		B486C2B720B0DBF4006A7B18 /* GitTutorial */ = {
			isa = PBXNativeTarget;
			buildConfigurationList = B486C2E020B0DBF5006A7B18 /* Build configuration list for PBXNativeTarget "GitTutorial" */;
			buildPhases = (
				B486C2B420B0DBF4006A7B18 /* Sources */,
				B486C2B520B0DBF4006A7B18 /* Frameworks */,
				B486C2B620B0DBF4006A7B18 /* Resources */,
			);
			buildRules = (
			);
			dependencies = (
			);
			name = GitTutorial;
			productName = GitTutorial;
			productReference = B486C2B820B0DBF4006A7B18 /* GitTutorial.app */;
			productType = "com.apple.product-type.application";
		};
		B486C2CB20B0DBF5006A7B18 /* GitTutorialTests */ = {
			isa = PBXNativeTarget;
			buildConfigurationList = B486C2E320B0DBF5006A7B18 /* Build configuration list for PBXNativeTarget "GitTutorialTests" */;
			buildPhases = (
				B486C2C820B0DBF5006A7B18 /* Sources */,
				B486C2C920B0DBF5006A7B18 /* Frameworks */,
				B486C2CA20B0DBF5006A7B18 /* Resources */,
			);
			buildRules = (
			);
			dependencies = (
				B486C2CE20B0DBF5006A7B18 /* PBXTargetDependency */,
			);
			name = GitTutorialTests;
			productName = GitTutorialTests;
			productReference = B486C2CC20B0DBF5006A7B18 /* GitTutorialTests.xctest */;
			productType = "com.apple.product-type.bundle.unit-test";
		};
		B486C2D620B0DBF5006A7B18 /* GitTutorialUITests */ = {
			isa = PBXNativeTarget;
			buildConfigurationList = B486C2E620B0DBF5006A7B18 /* Build configuration list for PBXNativeTarget "GitTutorialUITests" */;
			buildPhases = (
				B486C2D320B0DBF5006A7B18 /* Sources */,
				B486C2D420B0DBF5006A7B18 /* Frameworks */,
				B486C2D520B0DBF5006A7B18 /* Resources */,
			);
			buildRules = (
			);
			dependencies = (
				B486C2D920B0DBF5006A7B18 /* PBXTargetDependency */,
			);
			name = GitTutorialUITests;
			productName = GitTutorialUITests;
			productReference = B486C2D720B0DBF5006A7B18 /* GitTutorialUITests.xctest */;
			productType = "com.apple.product-type.bundle.ui-testing";
		};
/* End PBXNativeTarget section */

/* Begin PBXProject section */
		B486C2B020B0DBF4006A7B18 /* Project object */ = {
			isa = PBXProject;
			attributes = {
				LastSwiftUpdateCheck = 0930;
				LastUpgradeCheck = 0930;
				ORGANIZATIONNAME = Abdulrahman;
				TargetAttributes = {
					B486C2B720B0DBF4006A7B18 = {
						CreatedOnToolsVersion = 9.3.1;
					};
					B486C2CB20B0DBF5006A7B18 = {
						CreatedOnToolsVersion = 9.3.1;
						TestTargetID = B486C2B720B0DBF4006A7B18;
					};
					B486C2D620B0DBF5006A7B18 = {
						CreatedOnToolsVersion = 9.3.1;
						TestTargetID = B486C2B720B0DBF4006A7B18;
					};
				};
			};
			buildConfigurationList = B486C2B320B0DBF4006A7B18 /* Build configuration list for PBXProject "GitTutorial" */;
			compatibilityVersion = "Xcode 9.3";
			developmentRegion = en;
			hasScannedForEncodings = 0;
			knownRegions = (
				en,
				Base,
			);
			mainGroup = B486C2AF20B0DBF4006A7B18;
			productRefGroup = B486C2B920B0DBF4006A7B18 /* Products */;
			projectDirPath = "";
			projectRoot = "";
			targets = (
				B486C2B720B0DBF4006A7B18 /* GitTutorial */,
				B486C2CB20B0DBF5006A7B18 /* GitTutorialTests */,
				B486C2D620B0DBF5006A7B18 /* GitTutorialUITests */,
			);
		};
/* End PBXProject section */

/* Begin PBXResourcesBuildPhase section */
		B486C2B620B0DBF4006A7B18 /* Resources */ = {
			isa = PBXResourcesBuildPhase;
			buildActionMask = 2147483647;
			files = (
				B486C2C620B0DBF5006A7B18 /* LaunchScreen.storyboard in Resources */,
				B486C2C320B0DBF5006A7B18 /* Assets.xcassets in Resources */,
				B486C2C120B0DBF4006A7B18 /* Main.storyboard in Resources */,
			);
			runOnlyForDeploymentPostprocessing = 0;
		};
		B486C2CA20B0DBF5006A7B18 /* Resources */ = {
			isa = PBXResourcesBuildPhase;
			buildActionMask = 2147483647;
			files = (
			);
			runOnlyForDeploymentPostprocessing = 0;
		};
		B486C2D520B0DBF5006A7B18 /* Resources */ = {
			isa = PBXResourcesBuildPhase;
			buildActionMask = 2147483647;
			files = (
			);
			runOnlyForDeploymentPostprocessing = 0;
		};
/* End PBXResourcesBuildPhase section */

/* Begin PBXSourcesBuildPhase section */
		B486C2B420B0DBF4006A7B18 /* Sources */ = {
			isa = PBXSourcesBuildPhase;
			buildActionMask = 2147483647;
			files = (
				B486C2BE20B0DBF4006A7B18 /* ViewController.swift in Sources */,
				B486C2BC20B0DBF4006A7B18 /* AppDelegate.swift in Sources */,
			);
			runOnlyForDeploymentPostprocessing = 0;
		};
		B486C2C820B0DBF5006A7B18 /* Sources */ = {
			isa = PBXSourcesBuildPhase;
			buildActionMask = 2147483647;
			files = (
				B486C2D120B0DBF5006A7B18 /* GitTutorialTests.swift in Sources */,
			);
			runOnlyForDeploymentPostprocessing = 0;
		};
		B486C2D320B0DBF5006A7B18 /* Sources */ = {
			isa = PBXSourcesBuildPhase;
			buildActionMask = 2147483647;
			files = (
				B486C2DC20B0DBF5006A7B18 /* GitTutorialUITests.swift in Sources */,
			);
			runOnlyForDeploymentPostprocessing = 0;
		};
/* End PBXSourcesBuildPhase section */

/* Begin PBXTargetDependency section */
		B486C2CE20B0DBF5006A7B18 /* PBXTargetDependency */ = {
			isa = PBXTargetDependency;
			target = B486C2B720B0DBF4006A7B18 /* GitTutorial */;
			targetProxy = B486C2CD20B0DBF5006A7B18 /* PBXContainerItemProxy */;
		};
		B486C2D920B0DBF5006A7B18 /* PBXTargetDependency */ = {
			isa = PBXTargetDependency;
			target = B486C2B720B0DBF4006A7B18 /* GitTutorial */;
			targetProxy = B486C2D820B0DBF5006A7B18 /* PBXContainerItemProxy */;
		};
/* End PBXTargetDependency section */

/* Begin PBXVariantGroup section */
		B486C2BF20B0DBF4006A7B18 /* Main.storyboard */ = {
			isa = PBXVariantGroup;
			children = (
				B486C2C020B0DBF4006A7B18 /* Base */,
			);
			name = Main.storyboard;
			sourceTree = "<group>";
		};
		B486C2C420B0DBF5006A7B18 /* LaunchScreen.storyboard */ = {
			isa = PBXVariantGroup;
			children = (
				B486C2C520B0DBF5006A7B18 /* Base */,
			);
			name = LaunchScreen.storyboard;
			sourceTree = "<group>";
		};
/* End PBXVariantGroup section */

/* Begin XCBuildConfiguration section */
		B486C2DE20B0DBF5006A7B18 /* Debug */ = {
			isa = XCBuildConfiguration;
			buildSettings = {
				ALWAYS_SEARCH_USER_PATHS = NO;
				CLANG_ANALYZER_NONNULL = YES;
				CLANG_ANALYZER_NUMBER_OBJECT_CONVERSION = YES_AGGRESSIVE;
				CLANG_CXX_LANGUAGE_STANDARD = "gnu++14";
				CLANG_CXX_LIBRARY = "libc++";
				CLANG_ENABLE_MODULES = YES;
				CLANG_ENABLE_OBJC_ARC = YES;
				CLANG_ENABLE_OBJC_WEAK = YES;
				CLANG_WARN_BLOCK_CAPTURE_AUTORELEASING = YES;
				CLANG_WARN_BOOL_CONVERSION = YES;
				CLANG_WARN_COMMA = YES;
				CLANG_WARN_CONSTANT_CONVERSION = YES;
				CLANG_WARN_DEPRECATED_OBJC_IMPLEMENTATIONS = YES;
				CLANG_WARN_DIRECT_OBJC_ISA_USAGE = YES_ERROR;
				CLANG_WARN_DOCUMENTATION_COMMENTS = YES;
				CLANG_WARN_EMPTY_BODY = YES;
				CLANG_WARN_ENUM_CONVERSION = YES;
				CLANG_WARN_INFINITE_RECURSION = YES;
				CLANG_WARN_INT_CONVERSION = YES;
				CLANG_WARN_NON_LITERAL_NULL_CONVERSION = YES;
				CLANG_WARN_OBJC_IMPLICIT_RETAIN_SELF = YES;
				CLANG_WARN_OBJC_LITERAL_CONVERSION = YES;
				CLANG_WARN_OBJC_ROOT_CLASS = YES_ERROR;
				CLANG_WARN_RANGE_LOOP_ANALYSIS = YES;
				CLANG_WARN_STRICT_PROTOTYPES = YES;
				CLANG_WARN_SUSPICIOUS_MOVE = YES;
				CLANG_WARN_UNGUARDED_AVAILABILITY = YES_AGGRESSIVE;
				CLANG_WARN_UNREACHABLE_CODE = YES;
				CLANG_WARN__DUPLICATE_METHOD_MATCH = YES;
				CODE_SIGN_IDENTITY = "iPhone Developer";
				COPY_PHASE_STRIP = NO;
				DEBUG_INFORMATION_FORMAT = dwarf;
				ENABLE_STRICT_OBJC_MSGSEND = YES;
				ENABLE_TESTABILITY = YES;
				GCC_C_LANGUAGE_STANDARD = gnu11;
				GCC_DYNAMIC_NO_PIC = NO;
				GCC_NO_COMMON_BLOCKS = YES;
				GCC_OPTIMIZATION_LEVEL = 0;
				GCC_PREPROCESSOR_DEFINITIONS = (
					"DEBUG=1",
					"$(inherited)",
				);
				GCC_WARN_64_TO_32_BIT_CONVERSION = YES;
				GCC_WARN_ABOUT_RETURN_TYPE = YES_ERROR;
				GCC_WARN_UNDECLARED_SELECTOR = YES;
				GCC_WARN_UNINITIALIZED_AUTOS = YES_AGGRESSIVE;
				GCC_WARN_UNUSED_FUNCTION = YES;
				GCC_WARN_UNUSED_VARIABLE = YES;
				IPHONEOS_DEPLOYMENT_TARGET = 11.3;
				MTL_ENABLE_DEBUG_INFO = YES;
				ONLY_ACTIVE_ARCH = YES;
				SDKROOT = iphoneos;
				SWIFT_ACTIVE_COMPILATION_CONDITIONS = DEBUG;
				SWIFT_OPTIMIZATION_LEVEL = "-Onone";
			};
			name = Debug;
		};
		B486C2DF20B0DBF5006A7B18 /* Release */ = {
			isa = XCBuildConfiguration;
			buildSettings = {
				ALWAYS_SEARCH_USER_PATHS = NO;
				CLANG_ANALYZER_NONNULL = YES;
				CLANG_ANALYZER_NUMBER_OBJECT_CONVERSION = YES_AGGRESSIVE;
				CLANG_CXX_LANGUAGE_STANDARD = "gnu++14";
				CLANG_CXX_LIBRARY = "libc++";
				CLANG_ENABLE_MODULES = YES;
				CLANG_ENABLE_OBJC_ARC = YES;
				CLANG_ENABLE_OBJC_WEAK = YES;
				CLANG_WARN_BLOCK_CAPTURE_AUTORELEASING = YES;
				CLANG_WARN_BOOL_CONVERSION = YES;
				CLANG_WARN_COMMA = YES;
				CLANG_WARN_CONSTANT_CONVERSION = YES;
				CLANG_WARN_DEPRECATED_OBJC_IMPLEMENTATIONS = YES;
				CLANG_WARN_DIRECT_OBJC_ISA_USAGE = YES_ERROR;
				CLANG_WARN_DOCUMENTATION_COMMENTS = YES;
				CLANG_WARN_EMPTY_BODY = YES;
				CLANG_WARN_ENUM_CONVERSION = YES;
				CLANG_WARN_INFINITE_RECURSION = YES;
				CLANG_WARN_INT_CONVERSION = YES;
				CLANG_WARN_NON_LITERAL_NULL_CONVERSION = YES;
				CLANG_WARN_OBJC_IMPLICIT_RETAIN_SELF = YES;
				CLANG_WARN_OBJC_LITERAL_CONVERSION = YES;
				CLANG_WARN_OBJC_ROOT_CLASS = YES_ERROR;
				CLANG_WARN_RANGE_LOOP_ANALYSIS = YES;
				CLANG_WARN_STRICT_PROTOTYPES = YES;
				CLANG_WARN_SUSPICIOUS_MOVE = YES;
				CLANG_WARN_UNGUARDED_AVAILABILITY = YES_AGGRESSIVE;
				CLANG_WARN_UNREACHABLE_CODE = YES;
				CLANG_WARN__DUPLICATE_METHOD_MATCH = YES;
				CODE_SIGN_IDENTITY = "iPhone Developer";
				COPY_PHASE_STRIP = NO;
				DEBUG_INFORMATION_FORMAT = "dwarf-with-dsym";
				ENABLE_NS_ASSERTIONS = NO;
				ENABLE_STRICT_OBJC_MSGSEND = YES;
				GCC_C_LANGUAGE_STANDARD = gnu11;
				GCC_NO_COMMON_BLOCKS = YES;
				GCC_WARN_64_TO_32_BIT_CONVERSION = YES;
				GCC_WARN_ABOUT_RETURN_TYPE = YES_ERROR;
				GCC_WARN_UNDECLARED_SELECTOR = YES;
				GCC_WARN_UNINITIALIZED_AUTOS = YES_AGGRESSIVE;
				GCC_WARN_UNUSED_FUNCTION = YES;
				GCC_WARN_UNUSED_VARIABLE = YES;
				IPHONEOS_DEPLOYMENT_TARGET = 11.3;
				MTL_ENABLE_DEBUG_INFO = NO;
				SDKROOT = iphoneos;
				SWIFT_COMPILATION_MODE = wholemodule;
				SWIFT_OPTIMIZATION_LEVEL = "-O";
				VALIDATE_PRODUCT = YES;
			};
			name = Release;
		};
		B486C2E120B0DBF5006A7B18 /* Debug */ = {
			isa = XCBuildConfiguration;
			buildSettings = {
				ASSETCATALOG_COMPILER_APPICON_NAME = AppIcon;
				CODE_SIGN_STYLE = Automatic;
				DEVELOPMENT_TEAM = EH653JK427;
				INFOPLIST_FILE = GitTutorial/Info.plist;
				LD_RUNPATH_SEARCH_PATHS = (
					"$(inherited)",
					"@executable_path/Frameworks",
				);
				PRODUCT_BUNDLE_IDENTIFIER = umbrella.ly.GitTutorial;
				PRODUCT_NAME = "$(TARGET_NAME)";
				SWIFT_VERSION = 4.0;
				TARGETED_DEVICE_FAMILY = "1,2";
			};
			name = Debug;
		};
		B486C2E220B0DBF5006A7B18 /* Release */ = {
			isa = XCBuildConfiguration;
			buildSettings = {
				ASSETCATALOG_COMPILER_APPICON_NAME = AppIcon;
				CODE_SIGN_STYLE = Automatic;
				DEVELOPMENT_TEAM = EH653JK427;
				INFOPLIST_FILE = GitTutorial/Info.plist;
				LD_RUNPATH_SEARCH_PATHS = (
					"$(inherited)",
					"@executable_path/Frameworks",
				);
				PRODUCT_BUNDLE_IDENTIFIER = umbrella.ly.GitTutorial;
				PRODUCT_NAME = "$(TARGET_NAME)";
				SWIFT_VERSION = 4.0;
				TARGETED_DEVICE_FAMILY = "1,2";
			};
			name = Release;
		};
		B486C2E420B0DBF5006A7B18 /* Debug */ = {
			isa = XCBuildConfiguration;
			buildSettings = {
				ALWAYS_EMBED_SWIFT_STANDARD_LIBRARIES = YES;
				BUNDLE_LOADER = "$(TEST_HOST)";
				CODE_SIGN_STYLE = Automatic;
				DEVELOPMENT_TEAM = EH653JK427;
				INFOPLIST_FILE = GitTutorialTests/Info.plist;
				LD_RUNPATH_SEARCH_PATHS = (
					"$(inherited)",
					"@executable_path/Frameworks",
					"@loader_path/Frameworks",
				);
				PRODUCT_BUNDLE_IDENTIFIER = umbrella.ly.GitTutorialTests;
				PRODUCT_NAME = "$(TARGET_NAME)";
				SWIFT_VERSION = 4.0;
				TARGETED_DEVICE_FAMILY = "1,2";
				TEST_HOST = "$(BUILT_PRODUCTS_DIR)/GitTutorial.app/GitTutorial";
			};
			name = Debug;
		};
		B486C2E520B0DBF5006A7B18 /* Release */ = {
			isa = XCBuildConfiguration;
			buildSettings = {
				ALWAYS_EMBED_SWIFT_STANDARD_LIBRARIES = YES;
				BUNDLE_LOADER = "$(TEST_HOST)";
				CODE_SIGN_STYLE = Automatic;
				DEVELOPMENT_TEAM = EH653JK427;
				INFOPLIST_FILE = GitTutorialTests/Info.plist;
				LD_RUNPATH_SEARCH_PATHS = (
					"$(inherited)",
					"@executable_path/Frameworks",
					"@loader_path/Frameworks",
				);
				PRODUCT_BUNDLE_IDENTIFIER = umbrella.ly.GitTutorialTests;
				PRODUCT_NAME = "$(TARGET_NAME)";
				SWIFT_VERSION = 4.0;
				TARGETED_DEVICE_FAMILY = "1,2";
				TEST_HOST = "$(BUILT_PRODUCTS_DIR)/GitTutorial.app/GitTutorial";
			};
			name = Release;
		};
		B486C2E720B0DBF5006A7B18 /* Debug */ = {
			isa = XCBuildConfiguration;
			buildSettings = {
				ALWAYS_EMBED_SWIFT_STANDARD_LIBRARIES = YES;
				CODE_SIGN_STYLE = Automatic;
				DEVELOPMENT_TEAM = EH653JK427;
				INFOPLIST_FILE = GitTutorialUITests/Info.plist;
				LD_RUNPATH_SEARCH_PATHS = (
					"$(inherited)",
					"@executable_path/Frameworks",
					"@loader_path/Frameworks",
				);
				PRODUCT_BUNDLE_IDENTIFIER = umbrella.ly.GitTutorialUITests;
				PRODUCT_NAME = "$(TARGET_NAME)";
				SWIFT_VERSION = 4.0;
				TARGETED_DEVICE_FAMILY = "1,2";
				TEST_TARGET_NAME = GitTutorial;
			};
			name = Debug;
		};
		B486C2E820B0DBF5006A7B18 /* Release */ = {
			isa = XCBuildConfiguration;
			buildSettings = {
				ALWAYS_EMBED_SWIFT_STANDARD_LIBRARIES = YES;
				CODE_SIGN_STYLE = Automatic;
				DEVELOPMENT_TEAM = EH653JK427;
				INFOPLIST_FILE = GitTutorialUITests/Info.plist;
				LD_RUNPATH_SEARCH_PATHS = (
					"$(inherited)",
					"@executable_path/Frameworks",
					"@loader_path/Frameworks",
				);
				PRODUCT_BUNDLE_IDENTIFIER = umbrella.ly.GitTutorialUITests;
				PRODUCT_NAME = "$(TARGET_NAME)";
				SWIFT_VERSION = 4.0;
				TARGETED_DEVICE_FAMILY = "1,2";
				TEST_TARGET_NAME = GitTutorial;
			};
			name = Release;
		};
/* End XCBuildConfiguration section */

/* Begin XCConfigurationList section */
		B486C2B320B0DBF4006A7B18 /* Build configuration list for PBXProject "GitTutorial" */ = {
			isa = XCConfigurationList;
			buildConfigurations = (
				B486C2DE20B0DBF5006A7B18 /* Debug */,
				B486C2DF20B0DBF5006A7B18 /* Release */,
			);
			defaultConfigurationIsVisible = 0;
			defaultConfigurationName = Release;
		};
		B486C2E020B0DBF5006A7B18 /* Build configuration list for PBXNativeTarget "GitTutorial" */ = {
			isa = XCConfigurationList;
			buildConfigurations = (
				B486C2E120B0DBF5006A7B18 /* Debug */,
				B486C2E220B0DBF5006A7B18 /* Release */,
			);
			defaultConfigurationIsVisible = 0;
			defaultConfigurationName = Release;
		};
		B486C2E320B0DBF5006A7B18 /* Build configuration list for PBXNativeTarget "GitTutorialTests" */ = {
			isa = XCConfigurationList;
			buildConfigurations = (
				B486C2E420B0DBF5006A7B18 /* Debug */,
				B486C2E520B0DBF5006A7B18 /* Release */,
			);
			defaultConfigurationIsVisible = 0;
			defaultConfigurationName = Release;
		};
		B486C2E620B0DBF5006A7B18 /* Build configuration list for PBXNativeTarget "GitTutorialUITests" */ = {
			isa = XCConfigurationList;
			buildConfigurations = (
				B486C2E720B0DBF5006A7B18 /* Debug */,
				B486C2E820B0DBF5006A7B18 /* Release */,
			);
			defaultConfigurationIsVisible = 0;
			defaultConfigurationName = Release;
		};
/* End XCConfigurationList section */
	};
	rootObject = B486C2B020B0DBF4006A7B18 /* Project object */;
}
